// !$*UTF8*$!
{
	archiveVersion = 1;
	classes = {
	};
	objectVersion = 50;
	objects = {

/* Begin PBXBuildFile section */
		6FE5C99224DE2FCC00419A55 /* AppDelegate.swift in Sources */ = {isa = PBXBuildFile; fileRef = 6FE5C99124DE2FCC00419A55 /* AppDelegate.swift */; };
		6FE5C99424DE2FCC00419A55 /* SceneDelegate.swift in Sources */ = {isa = PBXBuildFile; fileRef = 6FE5C99324DE2FCC00419A55 /* SceneDelegate.swift */; };
		6FE5C99624DE2FCC00419A55 /* ViewController.swift in Sources */ = {isa = PBXBuildFile; fileRef = 6FE5C99524DE2FCC00419A55 /* ViewController.swift */; };
		6FE5C99924DE2FCC00419A55 /* Main.storyboard in Resources */ = {isa = PBXBuildFile; fileRef = 6FE5C99724DE2FCC00419A55 /* Main.storyboard */; };
		6FE5C99B24DE2FCE00419A55 /* Assets.xcassets in Resources */ = {isa = PBXBuildFile; fileRef = 6FE5C99A24DE2FCE00419A55 /* Assets.xcassets */; };
		6FE5C99E24DE2FCE00419A55 /* LaunchScreen.storyboard in Resources */ = {isa = PBXBuildFile; fileRef = 6FE5C99C24DE2FCE00419A55 /* LaunchScreen.storyboard */; };
		6FE5C9A924DE2FCE00419A55 /* TestMVVM_RxSwiftTests.swift in Sources */ = {isa = PBXBuildFile; fileRef = 6FE5C9A824DE2FCE00419A55 /* TestMVVM_RxSwiftTests.swift */; };
		6FE5C9B424DE2FCE00419A55 /* TestMVVM_RxSwiftUITests.swift in Sources */ = {isa = PBXBuildFile; fileRef = 6FE5C9B324DE2FCE00419A55 /* TestMVVM_RxSwiftUITests.swift */; };
/* End PBXBuildFile section */

/* Begin PBXContainerItemProxy section */
		6FE5C9A524DE2FCE00419A55 /* PBXContainerItemProxy */ = {
			isa = PBXContainerItemProxy;
			containerPortal = 6FE5C98624DE2FCC00419A55 /* Project object */;
			proxyType = 1;
			remoteGlobalIDString = 6FE5C98D24DE2FCC00419A55;
			remoteInfo = "TestMVVM+RxSwift";
		};
		6FE5C9B024DE2FCE00419A55 /* PBXContainerItemProxy */ = {
			isa = PBXContainerItemProxy;
			containerPortal = 6FE5C98624DE2FCC00419A55 /* Project object */;
			proxyType = 1;
			remoteGlobalIDString = 6FE5C98D24DE2FCC00419A55;
			remoteInfo = "TestMVVM+RxSwift";
		};
/* End PBXContainerItemProxy section */

/* Begin PBXFileReference section */
		6FE5C98E24DE2FCC00419A55 /* TestMVVM+RxSwift.app */ = {isa = PBXFileReference; explicitFileType = wrapper.application; includeInIndex = 0; path = "TestMVVM+RxSwift.app"; sourceTree = BUILT_PRODUCTS_DIR; };
		6FE5C99124DE2FCC00419A55 /* AppDelegate.swift */ = {isa = PBXFileReference; lastKnownFileType = sourcecode.swift; path = AppDelegate.swift; sourceTree = "<group>"; };
		6FE5C99324DE2FCC00419A55 /* SceneDelegate.swift */ = {isa = PBXFileReference; lastKnownFileType = sourcecode.swift; path = SceneDelegate.swift; sourceTree = "<group>"; };
		6FE5C99524DE2FCC00419A55 /* ViewController.swift */ = {isa = PBXFileReference; lastKnownFileType = sourcecode.swift; path = ViewController.swift; sourceTree = "<group>"; };
		6FE5C99824DE2FCC00419A55 /* Base */ = {isa = PBXFileReference; lastKnownFileType = file.storyboard; name = Base; path = Base.lproj/Main.storyboard; sourceTree = "<group>"; };
		6FE5C99A24DE2FCE00419A55 /* Assets.xcassets */ = {isa = PBXFileReference; lastKnownFileType = folder.assetcatalog; path = Assets.xcassets; sourceTree = "<group>"; };
		6FE5C99D24DE2FCE00419A55 /* Base */ = {isa = PBXFileReference; lastKnownFileType = file.storyboard; name = Base; path = Base.lproj/LaunchScreen.storyboard; sourceTree = "<group>"; };
		6FE5C99F24DE2FCE00419A55 /* Info.plist */ = {isa = PBXFileReference; lastKnownFileType = text.plist.xml; path = Info.plist; sourceTree = "<group>"; };
		6FE5C9A424DE2FCE00419A55 /* TestMVVM+RxSwiftTests.xctest */ = {isa = PBXFileReference; explicitFileType = wrapper.cfbundle; includeInIndex = 0; path = "TestMVVM+RxSwiftTests.xctest"; sourceTree = BUILT_PRODUCTS_DIR; };
		6FE5C9A824DE2FCE00419A55 /* TestMVVM_RxSwiftTests.swift */ = {isa = PBXFileReference; lastKnownFileType = sourcecode.swift; path = TestMVVM_RxSwiftTests.swift; sourceTree = "<group>"; };
		6FE5C9AA24DE2FCE00419A55 /* Info.plist */ = {isa = PBXFileReference; lastKnownFileType = text.plist.xml; path = Info.plist; sourceTree = "<group>"; };
		6FE5C9AF24DE2FCE00419A55 /* TestMVVM+RxSwiftUITests.xctest */ = {isa = PBXFileReference; explicitFileType = wrapper.cfbundle; includeInIndex = 0; path = "TestMVVM+RxSwiftUITests.xctest"; sourceTree = BUILT_PRODUCTS_DIR; };
		6FE5C9B324DE2FCE00419A55 /* TestMVVM_RxSwiftUITests.swift */ = {isa = PBXFileReference; lastKnownFileType = sourcecode.swift; path = TestMVVM_RxSwiftUITests.swift; sourceTree = "<group>"; };
		6FE5C9B524DE2FCE00419A55 /* Info.plist */ = {isa = PBXFileReference; lastKnownFileType = text.plist.xml; path = Info.plist; sourceTree = "<group>"; };
/* End PBXFileReference section */

/* Begin PBXFrameworksBuildPhase section */
		6FE5C98B24DE2FCC00419A55 /* Frameworks */ = {
			isa = PBXFrameworksBuildPhase;
			buildActionMask = 2147483647;
			files = (
			);
			runOnlyForDeploymentPostprocessing = 0;
		};
		6FE5C9A124DE2FCE00419A55 /* Frameworks */ = {
			isa = PBXFrameworksBuildPhase;
			buildActionMask = 2147483647;
			files = (
			);
			runOnlyForDeploymentPostprocessing = 0;
		};
		6FE5C9AC24DE2FCE00419A55 /* Frameworks */ = {
			isa = PBXFrameworksBuildPhase;
			buildActionMask = 2147483647;
			files = (
			);
			runOnlyForDeploymentPostprocessing = 0;
		};
/* End PBXFrameworksBuildPhase section */

/* Begin PBXGroup section */
		6FE5C98524DE2FCC00419A55 = {
			isa = PBXGroup;
			children = (
				6FE5C99024DE2FCC00419A55 /* TestMVVM+RxSwift */,
				6FE5C9A724DE2FCE00419A55 /* TestMVVM+RxSwiftTests */,
				6FE5C9B224DE2FCE00419A55 /* TestMVVM+RxSwiftUITests */,
				6FE5C98F24DE2FCC00419A55 /* Products */,
			);
			sourceTree = "<group>";
		};
		6FE5C98F24DE2FCC00419A55 /* Products */ = {
			isa = PBXGroup;
			children = (
				6FE5C98E24DE2FCC00419A55 /* TestMVVM+RxSwift.app */,
				6FE5C9A424DE2FCE00419A55 /* TestMVVM+RxSwiftTests.xctest */,
				6FE5C9AF24DE2FCE00419A55 /* TestMVVM+RxSwiftUITests.xctest */,
			);
			name = Products;
			sourceTree = "<group>";
		};
		6FE5C99024DE2FCC00419A55 /* TestMVVM+RxSwift */ = {
			isa = PBXGroup;
			children = (
				6FE5C99124DE2FCC00419A55 /* AppDelegate.swift */,
				6FE5C99324DE2FCC00419A55 /* SceneDelegate.swift */,
				6FE5C99524DE2FCC00419A55 /* ViewController.swift */,
				6FE5C99724DE2FCC00419A55 /* Main.storyboard */,
				6FE5C99A24DE2FCE00419A55 /* Assets.xcassets */,
				6FE5C99C24DE2FCE00419A55 /* LaunchScreen.storyboard */,
				6FE5C99F24DE2FCE00419A55 /* Info.plist */,
			);
			path = "TestMVVM+RxSwift";
			sourceTree = "<group>";
		};
		6FE5C9A724DE2FCE00419A55 /* TestMVVM+RxSwiftTests */ = {
			isa = PBXGroup;
			children = (
				6FE5C9A824DE2FCE00419A55 /* TestMVVM_RxSwiftTests.swift */,
				6FE5C9AA24DE2FCE00419A55 /* Info.plist */,
			);
			path = "TestMVVM+RxSwiftTests";
			sourceTree = "<group>";
		};
		6FE5C9B224DE2FCE00419A55 /* TestMVVM+RxSwiftUITests */ = {
			isa = PBXGroup;
			children = (
				6FE5C9B324DE2FCE00419A55 /* TestMVVM_RxSwiftUITests.swift */,
				6FE5C9B524DE2FCE00419A55 /* Info.plist */,
			);
			path = "TestMVVM+RxSwiftUITests";
			sourceTree = "<group>";
		};
/* End PBXGroup section */

/* Begin PBXNativeTarget section */
		6FE5C98D24DE2FCC00419A55 /* TestMVVM+RxSwift */ = {
			isa = PBXNativeTarget;
			buildConfigurationList = 6FE5C9B824DE2FCE00419A55 /* Build configuration list for PBXNativeTarget "TestMVVM+RxSwift" */;
			buildPhases = (
				6FE5C98A24DE2FCC00419A55 /* Sources */,
				6FE5C98B24DE2FCC00419A55 /* Frameworks */,
				6FE5C98C24DE2FCC00419A55 /* Resources */,
			);
			buildRules = (
			);
			dependencies = (
			);
			name = "TestMVVM+RxSwift";
			productName = "TestMVVM+RxSwift";
			productReference = 6FE5C98E24DE2FCC00419A55 /* TestMVVM+RxSwift.app */;
			productType = "com.apple.product-type.application";
		};
		6FE5C9A324DE2FCE00419A55 /* TestMVVM+RxSwiftTests */ = {
			isa = PBXNativeTarget;
			buildConfigurationList = 6FE5C9BB24DE2FCE00419A55 /* Build configuration list for PBXNativeTarget "TestMVVM+RxSwiftTests" */;
			buildPhases = (
				6FE5C9A024DE2FCE00419A55 /* Sources */,
				6FE5C9A124DE2FCE00419A55 /* Frameworks */,
				6FE5C9A224DE2FCE00419A55 /* Resources */,
			);
			buildRules = (
			);
			dependencies = (
				6FE5C9A624DE2FCE00419A55 /* PBXTargetDependency */,
			);
			name = "TestMVVM+RxSwiftTests";
			productName = "TestMVVM+RxSwiftTests";
			productReference = 6FE5C9A424DE2FCE00419A55 /* TestMVVM+RxSwiftTests.xctest */;
			productType = "com.apple.product-type.bundle.unit-test";
		};
		6FE5C9AE24DE2FCE00419A55 /* TestMVVM+RxSwiftUITests */ = {
			isa = PBXNativeTarget;
			buildConfigurationList = 6FE5C9BE24DE2FCE00419A55 /* Build configuration list for PBXNativeTarget "TestMVVM+RxSwiftUITests" */;
			buildPhases = (
				6FE5C9AB24DE2FCE00419A55 /* Sources */,
				6FE5C9AC24DE2FCE00419A55 /* Frameworks */,
				6FE5C9AD24DE2FCE00419A55 /* Resources */,
			);
			buildRules = (
			);
			dependencies = (
				6FE5C9B124DE2FCE00419A55 /* PBXTargetDependency */,
			);
			name = "TestMVVM+RxSwiftUITests";
			productName = "TestMVVM+RxSwiftUITests";
			productReference = 6FE5C9AF24DE2FCE00419A55 /* TestMVVM+RxSwiftUITests.xctest */;
			productType = "com.apple.product-type.bundle.ui-testing";
		};
/* End PBXNativeTarget section */

/* Begin PBXProject section */
		6FE5C98624DE2FCC00419A55 /* Project object */ = {
			isa = PBXProject;
			attributes = {
				LastSwiftUpdateCheck = 1100;
				LastUpgradeCheck = 1100;
				ORGANIZATIONNAME = "宋澎";
				TargetAttributes = {
					6FE5C98D24DE2FCC00419A55 = {
						CreatedOnToolsVersion = 11.0;
					};
					6FE5C9A324DE2FCE00419A55 = {
						CreatedOnToolsVersion = 11.0;
						TestTargetID = 6FE5C98D24DE2FCC00419A55;
					};
					6FE5C9AE24DE2FCE00419A55 = {
						CreatedOnToolsVersion = 11.0;
						TestTargetID = 6FE5C98D24DE2FCC00419A55;
					};
				};
			};
			buildConfigurationList = 6FE5C98924DE2FCC00419A55 /* Build configuration list for PBXProject "TestMVVM+RxSwift" */;
			compatibilityVersion = "Xcode 9.3";
			developmentRegion = en;
			hasScannedForEncodings = 0;
			knownRegions = (
				en,
				Base,
			);
			mainGroup = 6FE5C98524DE2FCC00419A55;
			productRefGroup = 6FE5C98F24DE2FCC00419A55 /* Products */;
			projectDirPath = "";
			projectRoot = "";
			targets = (
				6FE5C98D24DE2FCC00419A55 /* TestMVVM+RxSwift */,
				6FE5C9A324DE2FCE00419A55 /* TestMVVM+RxSwiftTests */,
				6FE5C9AE24DE2FCE00419A55 /* TestMVVM+RxSwiftUITests */,
			);
		};
/* End PBXProject section */

/* Begin PBXResourcesBuildPhase section */
		6FE5C98C24DE2FCC00419A55 /* Resources */ = {
			isa = PBXResourcesBuildPhase;
			buildActionMask = 2147483647;
			files = (
				6FE5C99E24DE2FCE00419A55 /* LaunchScreen.storyboard in Resources */,
				6FE5C99B24DE2FCE00419A55 /* Assets.xcassets in Resources */,
				6FE5C99924DE2FCC00419A55 /* Main.storyboard in Resources */,
			);
			runOnlyForDeploymentPostprocessing = 0;
		};
		6FE5C9A224DE2FCE00419A55 /* Resources */ = {
			isa = PBXResourcesBuildPhase;
			buildActionMask = 2147483647;
			files = (
			);
			runOnlyForDeploymentPostprocessing = 0;
		};
		6FE5C9AD24DE2FCE00419A55 /* Resources */ = {
			isa = PBXResourcesBuildPhase;
			buildActionMask = 2147483647;
			files = (
			);
			runOnlyForDeploymentPostprocessing = 0;
		};
/* End PBXResourcesBuildPhase section */

/* Begin PBXSourcesBuildPhase section */
		6FE5C98A24DE2FCC00419A55 /* Sources */ = {
			isa = PBXSourcesBuildPhase;
			buildActionMask = 2147483647;
			files = (
				6FE5C99624DE2FCC00419A55 /* ViewController.swift in Sources */,
				6FE5C99224DE2FCC00419A55 /* AppDelegate.swift in Sources */,
				6FE5C99424DE2FCC00419A55 /* SceneDelegate.swift in Sources */,
			);
			runOnlyForDeploymentPostprocessing = 0;
		};
		6FE5C9A024DE2FCE00419A55 /* Sources */ = {
			isa = PBXSourcesBuildPhase;
			buildActionMask = 2147483647;
			files = (
				6FE5C9A924DE2FCE00419A55 /* TestMVVM_RxSwiftTests.swift in Sources */,
			);
			runOnlyForDeploymentPostprocessing = 0;
		};
		6FE5C9AB24DE2FCE00419A55 /* Sources */ = {
			isa = PBXSourcesBuildPhase;
			buildActionMask = 2147483647;
			files = (
				6FE5C9B424DE2FCE00419A55 /* TestMVVM_RxSwiftUITests.swift in Sources */,
			);
			runOnlyForDeploymentPostprocessing = 0;
		};
/* End PBXSourcesBuildPhase section */

/* Begin PBXTargetDependency section */
		6FE5C9A624DE2FCE00419A55 /* PBXTargetDependency */ = {
			isa = PBXTargetDependency;
			target = 6FE5C98D24DE2FCC00419A55 /* TestMVVM+RxSwift */;
			targetProxy = 6FE5C9A524DE2FCE00419A55 /* PBXContainerItemProxy */;
		};
		6FE5C9B124DE2FCE00419A55 /* PBXTargetDependency */ = {
			isa = PBXTargetDependency;
			target = 6FE5C98D24DE2FCC00419A55 /* TestMVVM+RxSwift */;
			targetProxy = 6FE5C9B024DE2FCE00419A55 /* PBXContainerItemProxy */;
		};
/* End PBXTargetDependency section */

/* Begin PBXVariantGroup section */
		6FE5C99724DE2FCC00419A55 /* Main.storyboard */ = {
			isa = PBXVariantGroup;
			children = (
				6FE5C99824DE2FCC00419A55 /* Base */,
			);
			name = Main.storyboard;
			sourceTree = "<group>";
		};
		6FE5C99C24DE2FCE00419A55 /* LaunchScreen.storyboard */ = {
			isa = PBXVariantGroup;
			children = (
				6FE5C99D24DE2FCE00419A55 /* Base */,
			);
			name = LaunchScreen.storyboard;
			sourceTree = "<group>";
		};
/* End PBXVariantGroup section */

/* Begin XCBuildConfiguration section */
		6FE5C9B624DE2FCE00419A55 /* Debug */ = {
			isa = XCBuildConfiguration;
			buildSettings = {
				ALWAYS_SEARCH_USER_PATHS = NO;
				CLANG_ANALYZER_NONNULL = YES;
				CLANG_ANALYZER_NUMBER_OBJECT_CONVERSION = YES_AGGRESSIVE;
				CLANG_CXX_LANGUAGE_STANDARD = "gnu++14";
				CLANG_CXX_LIBRARY = "libc++";
				CLANG_ENABLE_MODULES = YES;
				CLANG_ENABLE_OBJC_ARC = YES;
				CLANG_ENABLE_OBJC_WEAK = YES;
				CLANG_WARN_BLOCK_CAPTURE_AUTORELEASING = YES;
				CLANG_WARN_BOOL_CONVERSION = YES;
				CLANG_WARN_COMMA = YES;
				CLANG_WARN_CONSTANT_CONVERSION = YES;
				CLANG_WARN_DEPRECATED_OBJC_IMPLEMENTATIONS = YES;
				CLANG_WARN_DIRECT_OBJC_ISA_USAGE = YES_ERROR;
				CLANG_WARN_DOCUMENTATION_COMMENTS = YES;
				CLANG_WARN_EMPTY_BODY = YES;
				CLANG_WARN_ENUM_CONVERSION = YES;
				CLANG_WARN_INFINITE_RECURSION = YES;
				CLANG_WARN_INT_CONVERSION = YES;
				CLANG_WARN_NON_LITERAL_NULL_CONVERSION = YES;
				CLANG_WARN_OBJC_IMPLICIT_RETAIN_SELF = YES;
				CLANG_WARN_OBJC_LITERAL_CONVERSION = YES;
				CLANG_WARN_OBJC_ROOT_CLASS = YES_ERROR;
				CLANG_WARN_RANGE_LOOP_ANALYSIS = YES;
				CLANG_WARN_STRICT_PROTOTYPES = YES;
				CLANG_WARN_SUSPICIOUS_MOVE = YES;
				CLANG_WARN_UNGUARDED_AVAILABILITY = YES_AGGRESSIVE;
				CLANG_WARN_UNREACHABLE_CODE = YES;
				CLANG_WARN__DUPLICATE_METHOD_MATCH = YES;
				COPY_PHASE_STRIP = NO;
				DEBUG_INFORMATION_FORMAT = dwarf;
				ENABLE_STRICT_OBJC_MSGSEND = YES;
				ENABLE_TESTABILITY = YES;
				GCC_C_LANGUAGE_STANDARD = gnu11;
				GCC_DYNAMIC_NO_PIC = NO;
				GCC_NO_COMMON_BLOCKS = YES;
				GCC_OPTIMIZATION_LEVEL = 0;
				GCC_PREPROCESSOR_DEFINITIONS = (
					"DEBUG=1",
					"$(inherited)",
				);
				GCC_WARN_64_TO_32_BIT_CONVERSION = YES;
				GCC_WARN_ABOUT_RETURN_TYPE = YES_ERROR;
				GCC_WARN_UNDECLARED_SELECTOR = YES;
				GCC_WARN_UNINITIALIZED_AUTOS = YES_AGGRESSIVE;
				GCC_WARN_UNUSED_FUNCTION = YES;
				GCC_WARN_UNUSED_VARIABLE = YES;
				IPHONEOS_DEPLOYMENT_TARGET = 13.0;
				MTL_ENABLE_DEBUG_INFO = INCLUDE_SOURCE;
				MTL_FAST_MATH = YES;
				ONLY_ACTIVE_ARCH = YES;
				SDKROOT = iphoneos;
				SWIFT_ACTIVE_COMPILATION_CONDITIONS = DEBUG;
				SWIFT_OPTIMIZATION_LEVEL = "-Onone";
			};
			name = Debug;
		};
		6FE5C9B724DE2FCE00419A55 /* Release */ = {
			isa = XCBuildConfiguration;
			buildSettings = {
				ALWAYS_SEARCH_USER_PATHS = NO;
				CLANG_ANALYZER_NONNULL = YES;
				CLANG_ANALYZER_NUMBER_OBJECT_CONVERSION = YES_AGGRESSIVE;
				CLANG_CXX_LANGUAGE_STANDARD = "gnu++14";
				CLANG_CXX_LIBRARY = "libc++";
				CLANG_ENABLE_MODULES = YES;
				CLANG_ENABLE_OBJC_ARC = YES;
				CLANG_ENABLE_OBJC_WEAK = YES;
				CLANG_WARN_BLOCK_CAPTURE_AUTORELEASING = YES;
				CLANG_WARN_BOOL_CONVERSION = YES;
				CLANG_WARN_COMMA = YES;
				CLANG_WARN_CONSTANT_CONVERSION = YES;
				CLANG_WARN_DEPRECATED_OBJC_IMPLEMENTATIONS = YES;
				CLANG_WARN_DIRECT_OBJC_ISA_USAGE = YES_ERROR;
				CLANG_WARN_DOCUMENTATION_COMMENTS = YES;
				CLANG_WARN_EMPTY_BODY = YES;
				CLANG_WARN_ENUM_CONVERSION = YES;
				CLANG_WARN_INFINITE_RECURSION = YES;
				CLANG_WARN_INT_CONVERSION = YES;
				CLANG_WARN_NON_LITERAL_NULL_CONVERSION = YES;
				CLANG_WARN_OBJC_IMPLICIT_RETAIN_SELF = YES;
				CLANG_WARN_OBJC_LITERAL_CONVERSION = YES;
				CLANG_WARN_OBJC_ROOT_CLASS = YES_ERROR;
				CLANG_WARN_RANGE_LOOP_ANALYSIS = YES;
				CLANG_WARN_STRICT_PROTOTYPES = YES;
				CLANG_WARN_SUSPICIOUS_MOVE = YES;
				CLANG_WARN_UNGUARDED_AVAILABILITY = YES_AGGRESSIVE;
				CLANG_WARN_UNREACHABLE_CODE = YES;
				CLANG_WARN__DUPLICATE_METHOD_MATCH = YES;
				COPY_PHASE_STRIP = NO;
				DEBUG_INFORMATION_FORMAT = "dwarf-with-dsym";
				ENABLE_NS_ASSERTIONS = NO;
				ENABLE_STRICT_OBJC_MSGSEND = YES;
				GCC_C_LANGUAGE_STANDARD = gnu11;
				GCC_NO_COMMON_BLOCKS = YES;
				GCC_WARN_64_TO_32_BIT_CONVERSION = YES;
				GCC_WARN_ABOUT_RETURN_TYPE = YES_ERROR;
				GCC_WARN_UNDECLARED_SELECTOR = YES;
				GCC_WARN_UNINITIALIZED_AUTOS = YES_AGGRESSIVE;
				GCC_WARN_UNUSED_FUNCTION = YES;
				GCC_WARN_UNUSED_VARIABLE = YES;
				IPHONEOS_DEPLOYMENT_TARGET = 13.0;
				MTL_ENABLE_DEBUG_INFO = NO;
				MTL_FAST_MATH = YES;
				SDKROOT = iphoneos;
				SWIFT_COMPILATION_MODE = wholemodule;
				SWIFT_OPTIMIZATION_LEVEL = "-O";
				VALIDATE_PRODUCT = YES;
			};
			name = Release;
		};
		6FE5C9B924DE2FCE00419A55 /* Debug */ = {
			isa = XCBuildConfiguration;
			buildSettings = {
				ASSETCATALOG_COMPILER_APPICON_NAME = AppIcon;
				CODE_SIGN_STYLE = Automatic;
				DEVELOPMENT_TEAM = 5ZMRWZHDC9;
				INFOPLIST_FILE = "TestMVVM+RxSwift/Info.plist";
				LD_RUNPATH_SEARCH_PATHS = (
					"$(inherited)",
					"@executable_path/Frameworks",
				);
				PRODUCT_BUNDLE_IDENTIFIER = "WX.TestMVVM-RxSwift";
				PRODUCT_NAME = "$(TARGET_NAME)";
				SWIFT_VERSION = 5.0;
				TARGETED_DEVICE_FAMILY = "1,2";
			};
			name = Debug;
		};
		6FE5C9BA24DE2FCE00419A55 /* Release */ = {
			isa = XCBuildConfiguration;
			buildSettings = {
				ASSETCATALOG_COMPILER_APPICON_NAME = AppIcon;
				CODE_SIGN_STYLE = Automatic;
				DEVELOPMENT_TEAM = 5ZMRWZHDC9;
				INFOPLIST_FILE = "TestMVVM+RxSwift/Info.plist";
				LD_RUNPATH_SEARCH_PATHS = (
					"$(inherited)",
					"@executable_path/Frameworks",
				);
				PRODUCT_BUNDLE_IDENTIFIER = "WX.TestMVVM-RxSwift";
				PRODUCT_NAME = "$(TARGET_NAME)";
				SWIFT_VERSION = 5.0;
				TARGETED_DEVICE_FAMILY = "1,2";
			};
			name = Release;
		};
		6FE5C9BC24DE2FCE00419A55 /* Debug */ = {
			isa = XCBuildConfiguration;
			buildSettings = {
				ALWAYS_EMBED_SWIFT_STANDARD_LIBRARIES = YES;
				BUNDLE_LOADER = "$(TEST_HOST)";
				CODE_SIGN_STYLE = Automatic;
				DEVELOPMENT_TEAM = 5ZMRWZHDC9;
				INFOPLIST_FILE = "TestMVVM+RxSwiftTests/Info.plist";
				IPHONEOS_DEPLOYMENT_TARGET = 13.0;
				LD_RUNPATH_SEARCH_PATHS = (
					"$(inherited)",
					"@executable_path/Frameworks",
					"@loader_path/Frameworks",
				);
				PRODUCT_BUNDLE_IDENTIFIER = "WX.TestMVVM-RxSwiftTests";
				PRODUCT_NAME = "$(TARGET_NAME)";
				SWIFT_VERSION = 5.0;
				TARGETED_DEVICE_FAMILY = "1,2";
				TEST_HOST = "$(BUILT_PRODUCTS_DIR)/TestMVVM+RxSwift.app/TestMVVM+RxSwift";
			};
			name = Debug;
		};
		6FE5C9BD24DE2FCE00419A55 /* Release */ = {
			isa = XCBuildConfiguration;
			buildSettings = {
				ALWAYS_EMBED_SWIFT_STANDARD_LIBRARIES = YES;
				BUNDLE_LOADER = "$(TEST_HOST)";
				CODE_SIGN_STYLE = Automatic;
				DEVELOPMENT_TEAM = 5ZMRWZHDC9;
				INFOPLIST_FILE = "TestMVVM+RxSwiftTests/Info.plist";
				IPHONEOS_DEPLOYMENT_TARGET = 13.0;
				LD_RUNPATH_SEARCH_PATHS = (
					"$(inherited)",
					"@executable_path/Frameworks",
					"@loader_path/Frameworks",
				);
				PRODUCT_BUNDLE_IDENTIFIER = "WX.TestMVVM-RxSwiftTests";
				PRODUCT_NAME = "$(TARGET_NAME)";
				SWIFT_VERSION = 5.0;
				TARGETED_DEVICE_FAMILY = "1,2";
				TEST_HOST = "$(BUILT_PRODUCTS_DIR)/TestMVVM+RxSwift.app/TestMVVM+RxSwift";
			};
			name = Release;
		};
		6FE5C9BF24DE2FCE00419A55 /* Debug */ = {
			isa = XCBuildConfiguration;
			buildSettings = {
				ALWAYS_EMBED_SWIFT_STANDARD_LIBRARIES = YES;
				CODE_SIGN_STYLE = Automatic;
				DEVELOPMENT_TEAM = 5ZMRWZHDC9;
				INFOPLIST_FILE = "TestMVVM+RxSwiftUITests/Info.plist";
				LD_RUNPATH_SEARCH_PATHS = (
					"$(inherited)",
					"@executable_path/Frameworks",
					"@loader_path/Frameworks",
				);
				PRODUCT_BUNDLE_IDENTIFIER = "WX.TestMVVM-RxSwiftUITests";
				PRODUCT_NAME = "$(TARGET_NAME)";
				SWIFT_VERSION = 5.0;
				TARGETED_DEVICE_FAMILY = "1,2";
				TEST_TARGET_NAME = "TestMVVM+RxSwift";
			};
			name = Debug;
		};
		6FE5C9C024DE2FCE00419A55 /* Release */ = {
			isa = XCBuildConfiguration;
			buildSettings = {
				ALWAYS_EMBED_SWIFT_STANDARD_LIBRARIES = YES;
				CODE_SIGN_STYLE = Automatic;
				DEVELOPMENT_TEAM = 5ZMRWZHDC9;
				INFOPLIST_FILE = "TestMVVM+RxSwiftUITests/Info.plist";
				LD_RUNPATH_SEARCH_PATHS = (
					"$(inherited)",
					"@executable_path/Frameworks",
					"@loader_path/Frameworks",
				);
				PRODUCT_BUNDLE_IDENTIFIER = "WX.TestMVVM-RxSwiftUITests";
				PRODUCT_NAME = "$(TARGET_NAME)";
				SWIFT_VERSION = 5.0;
				TARGETED_DEVICE_FAMILY = "1,2";
				TEST_TARGET_NAME = "TestMVVM+RxSwift";
			};
			name = Release;
		};
/* End XCBuildConfiguration section */

/* Begin XCConfigurationList section */
		6FE5C98924DE2FCC00419A55 /* Build configuration list for PBXProject "TestMVVM+RxSwift" */ = {
			isa = XCConfigurationList;
			buildConfigurations = (
				6FE5C9B624DE2FCE00419A55 /* Debug */,
				6FE5C9B724DE2FCE00419A55 /* Release */,
			);
			defaultConfigurationIsVisible = 0;
			defaultConfigurationName = Release;
		};
		6FE5C9B824DE2FCE00419A55 /* Build configuration list for PBXNativeTarget "TestMVVM+RxSwift" */ = {
			isa = XCConfigurationList;
			buildConfigurations = (
				6FE5C9B924DE2FCE00419A55 /* Debug */,
				6FE5C9BA24DE2FCE00419A55 /* Release */,
			);
			defaultConfigurationIsVisible = 0;
			defaultConfigurationName = Release;
		};
		6FE5C9BB24DE2FCE00419A55 /* Build configuration list for PBXNativeTarget "TestMVVM+RxSwiftTests" */ = {
			isa = XCConfigurationList;
			buildConfigurations = (
				6FE5C9BC24DE2FCE00419A55 /* Debug */,
				6FE5C9BD24DE2FCE00419A55 /* Release */,
			);
			defaultConfigurationIsVisible = 0;
			defaultConfigurationName = Release;
		};
		6FE5C9BE24DE2FCE00419A55 /* Build configuration list for PBXNativeTarget "TestMVVM+RxSwiftUITests" */ = {
			isa = XCConfigurationList;
			buildConfigurations = (
				6FE5C9BF24DE2FCE00419A55 /* Debug */,
				6FE5C9C024DE2FCE00419A55 /* Release */,
			);
			defaultConfigurationIsVisible = 0;
			defaultConfigurationName = Release;
		};
/* End XCConfigurationList section */
	};
	rootObject = 6FE5C98624DE2FCC00419A55 /* Project object */;
}
